
Microsoft Visual Studio Solution File, Format Version 12.00
# Visual Studio Version 17
VisualStudioVersion = 17.2.32616.157
MinimumVisualStudioVersion = 10.0.40219.1
Project("{9A19103F-16F7-4668-BE54-9A1E7A4F7556}") = "SquareApi", "SquareApi.csproj", "{807A6B0B-0656-4ED0-B4CF-1B225118A04E}"
EndProject
Project("{9A19103F-16F7-4668-BE54-9A1E7A4F7556}") = "SquareApi.Tests", "..\SquareApi.Tests\SquareApi.Tests.csproj", "{CD388547-A98B-4F6D-9C31-E65146C5CAB9}"
EndProject
Global
	GlobalSection(SolutionConfigurationPlatforms) = preSolution
		Debug|Any CPU = Debug|Any CPU
		Release|Any CPU = Release|Any CPU
	EndGlobalSection
	GlobalSection(ProjectConfigurationPlatforms) = postSolution
		{807A6B0B-0656-4ED0-B4CF-1B225118A04E}.Debug|Any CPU.ActiveCfg = Debug|Any CPU
		{807A6B0B-0656-4ED0-B4CF-1B225118A04E}.Debug|Any CPU.Build.0 = Debug|Any CPU
		{807A6B0B-0656-4ED0-B4CF-1B225118A04E}.Release|Any CPU.ActiveCfg = Release|Any CPU
		{807A6B0B-0656-4ED0-B4CF-1B225118A04E}.Release|Any CPU.Build.0 = Release|Any CPU
		{CD388547-A98B-4F6D-9C31-E65146C5CAB9}.Debug|Any CPU.ActiveCfg = Debug|Any CPU
		{CD388547-A98B-4F6D-9C31-E65146C5CAB9}.Debug|Any CPU.Build.0 = Debug|Any CPU
		{CD388547-A98B-4F6D-9C31-E65146C5CAB9}.Release|Any CPU.ActiveCfg = Release|Any CPU
		{CD388547-A98B-4F6D-9C31-E65146C5CAB9}.Release|Any CPU.Build.0 = Release|Any CPU
	EndGlobalSection
	GlobalSection(SolutionProperties) = preSolution
		HideSolutionNode = FALSE
	EndGlobalSection
	GlobalSection(ExtensibilityGlobals) = postSolution
		SolutionGuid = {6B5704C6-127C-414E-8F53-B0B808488F33}
	EndGlobalSection
EndGlobal
